{
  "version": 4,
  "terraform_version": "1.15.2",
  "serial": 28,
  "lineage": "7100dfa1-494b-e5a0-d5ad-dd8ab89063cd",
  "outputs": {},
  "resources": [
    {
      "mode": "managed",
      "type": "azurerm_linux_virtual_machine",
      "name": "vm",
      "provider": "provider[\"registry.terraform.io/hashicorp/azurerm\"]",
      "instances": [
        {
          "schema_version": 0,
          "attributes": {
            "additional_capabilities": [],
            "admin_password": null,
            "admin_ssh_key": [
              {
                "public_key": "ssh-rsa AAAAB3NzaC1yc2EAAAADAQABAAABgQC7FHEa9NZI1r6FywMI8lcY+gdkFEGfnBi2e8zvUjB7yGch9S9gnA1CUMbvSxM3ZCCxqBm5BJ2nIvw0P56X4O6Zt6bzwvceCOC2GHGjN9me9rPmMyChHh41BFAvXLUaact1L20B/Hy+o0/hMzRe6hsDOxY8ju4Mi458pAQC5RLa+/hhiGVhToarWSNcbtr9wOUUqwa05UX9mBZnxzCoUbWOd0q9aE9PJ1/J7cUJallE3sF++IFLqBRa38RjvOJ27oXv1Wh/wGMWzu0ESBvajL2FX4BdIpJpD2jK4IroQxugfZ/H0rAR0T5F8UsnLx4Fq4Cql/jftmkF20UOIIYyYiBdjgowT/pWJTwfRuVLD1NgqEr8USRKyMUKtfxIEWH+7HTz2pjsFd1C4FiPcN9ISiDXfp3b29HZUM4l6E1XuQVk74NPPTw158TJJ87JGLUoIjbu6grYKMeMOO0LxOkGGrjB8rJNuLo9LhPFIg5CszDBc10aPqlVOAQOZVyrzg4G3rs= yassine@yassine-VirtualBox\n",
                "username": "adminuser"
              }
            ],
            "admin_username": "adminuser",
            "allow_extension_operations": true,
            "availability_set_id": "",
            "boot_diagnostics": [],
            "computer_name": "Multy-continer-vm",
            "custom_data": "IyEvYmluL2Jhc2gKc3VkbyBhcHQtZ2V0IHVwZGF0ZSAteSAmJgpzdWRvIGFwdC1nZXQgaW5zdGFsbCAteSBcCmFwdC10cmFuc3BvcnQtaHR0cHMgXApjYS1jZXJ0aWZpY2F0ZXMgXApjdXJsIFwKZ251cGctYWdlbnQgXApzb2Z0d2FyZS1wcm9wZXJ0aWVzLWNvbW1vbiAmJgpjdXJsIC1mc1NMIGh0dHBzOi8vZG93bmxvYWQuZG9ja2VyLmNvbS9saW51eC91YnVudHUvZ3BnIHwgc3VkbyBhcHQta2V5IGFkZCAtICYmCnN1ZG8gYWRkLWFwdC1yZXBvc2l0b3J5ICJkZWIgW2FyY2g9YW1kNjRdIGh0dHBzOi8vZG93bmxvYWQuZG9ja2VyLmNvbS9saW51eC91YnVudHUgJChsc2JfcmVsZWFzZSAtY3MpIHN0YWJsZSIgJiYKc3VkbyBhcHQtZ2V0IHVwZGF0ZSAteSAmJgpzdWRvIHN1ZG8gYXB0LWdldCBpbnN0YWxsIGRvY2tlci1jZSBkb2NrZXItY2UtY2xpIGNvbnRhaW5lcmQuaW8gLXkgJiYKc3VkbyB1c2VybW9kIC1hRyBkb2NrZXIgdWJ1bnR1",
            "dedicated_host_id": "",
            "disable_password_authentication": true,
            "encryption_at_host_enabled": false,
            "eviction_policy": "",
            "extensions_time_budget": "PT1H30M",
            "id": "/subscriptions/6c2e8300-c97c-4c39-aed0-ac808aecfdf0/resourceGroups/Multi-container/providers/Microsoft.Compute/virtualMachines/Multy-continer-vm",
            "identity": [],
            "license_type": "",
            "location": "swedencentral",
            "max_bid_price": -1,
            "name": "Multy-continer-vm",
            "network_interface_ids": [
              "/subscriptions/6c2e8300-c97c-4c39-aed0-ac808aecfdf0/resourceGroups/Multi-container/providers/Microsoft.Network/networkInterfaces/nic"
            ],
            "os_disk": [
              {
                "caching": "ReadWrite",
                "diff_disk_settings": [],
                "disk_encryption_set_id": "",
                "disk_size_gb": 30,
                "name": "Multy-continer-vm_OsDisk_1_e2be22b7bc00489aa854467838cbbc92",
                "storage_account_type": "Standard_LRS",
                "write_accelerator_enabled": false
              }
            ],
            "patch_mode": null,
            "plan": [],
            "platform_fault_domain": -1,
            "priority": "Regular",
            "private_ip_address": "10.123.1.4",
            "private_ip_addresses": [
              "10.123.1.4"
            ],
            "provision_vm_agent": true,
            "proximity_placement_group_id": "",
            "public_ip_address": "4.165.172.153",
            "public_ip_addresses": [
              "4.165.172.153"
            ],
            "resource_group_name": "Multi-container",
            "secret": [],
            "size": "Standard_D2s_v3",
            "source_image_id": "",
            "source_image_reference": [
              {
                "offer": "0001-com-ubuntu-server-jammy",
                "publisher": "Canonical",
                "sku": "22_04-lts",
                "version": "latest"
              }
            ],
            "tags": null,
            "timeouts": null,
            "virtual_machine_id": "237d2a49-ce80-4a7b-ba3c-3352c1b82ddf",
            "virtual_machine_scale_set_id": "",
            "zone": ""
          },
          "sensitive_attributes": [
            [
              {
                "type": "get_attr",
                "value": "admin_password"
              }
            ],
            [
              {
                "type": "get_attr",
                "value": "custom_data"
              }
            ]
          ],
          "identity_schema_version": 0,
          "private": "eyJlMmJmYjczMC1lY2FhLTExZTYtOGY4OC0zNDM2M2JjN2M0YzAiOnsiY3JlYXRlIjoyNzAwMDAwMDAwMDAwLCJkZWxldGUiOjI3MDAwMDAwMDAwMDAsInJlYWQiOjMwMDAwMDAwMDAwMCwidXBkYXRlIjoyNzAwMDAwMDAwMDAwfX0=",
          "dependencies": [
            "azurerm_network_interface.nic",
            "azurerm_public_ip.ip",
            "azurerm_resource_group.rg",
            "azurerm_subnet.subnet",
            "azurerm_virtual_network.vn"
          ]
        }
      ]
    },
    {
      "mode": "managed",
      "type": "azurerm_network_interface",
      "name": "nic",
      "provider": "provider[\"registry.terraform.io/hashicorp/azurerm\"]",
      "instances": [
        {
          "schema_version": 0,
          "attributes": {
            "applied_dns_servers": [],
            "dns_servers": [],
            "enable_accelerated_networking": false,
            "enable_ip_forwarding": false,
            "id": "/subscriptions/6c2e8300-c97c-4c39-aed0-ac808aecfdf0/resourceGroups/Multi-container/providers/Microsoft.Network/networkInterfaces/nic",
            "internal_dns_name_label": "",
            "internal_domain_name_suffix": "w4kyj11jsmsevh1z3ekb3uleqg.gvxx.internal.cloudapp.net",
            "ip_configuration": [
              {
                "gateway_load_balancer_frontend_ip_configuration_id": "",
                "name": "internal",
                "primary": true,
                "private_ip_address": "10.123.1.4",
                "private_ip_address_allocation": "Dynamic",
                "private_ip_address_version": "IPv4",
                "public_ip_address_id": "/subscriptions/6c2e8300-c97c-4c39-aed0-ac808aecfdf0/resourceGroups/Multi-container/providers/Microsoft.Network/publicIPAddresses/Multi-container-ip",
                "subnet_id": "/subscriptions/6c2e8300-c97c-4c39-aed0-ac808aecfdf0/resourceGroups/Multi-container/providers/Microsoft.Network/virtualNetworks/Multi-container-network/subnets/Multi-container-subnet"
              }
            ],
            "location": "swedencentral",
            "mac_address": "38-33-C5-D2-BB-82",
            "name": "nic",
            "private_ip_address": "10.123.1.4",
            "private_ip_addresses": [
              "10.123.1.4"
            ],
            "resource_group_name": "Multi-container",
            "tags": {
              "environment": "dev",
              "owner": "yassine",
              "source": "Terraform"
            },
            "timeouts": null,
            "virtual_machine_id": "/subscriptions/6c2e8300-c97c-4c39-aed0-ac808aecfdf0/resourceGroups/Multi-container/providers/Microsoft.Compute/virtualMachines/Multy-continer-vm"
          },
          "sensitive_attributes": [],
          "identity_schema_version": 0,
          "private": "eyJlMmJmYjczMC1lY2FhLTExZTYtOGY4OC0zNDM2M2JjN2M0YzAiOnsiY3JlYXRlIjoxODAwMDAwMDAwMDAwLCJkZWxldGUiOjE4MDAwMDAwMDAwMDAsInJlYWQiOjMwMDAwMDAwMDAwMCwidXBkYXRlIjoxODAwMDAwMDAwMDAwfX0=",
          "dependencies": [
            "azurerm_public_ip.ip",
            "azurerm_resource_group.rg",
            "azurerm_subnet.subnet",
            "azurerm_virtual_network.vn"
          ]
        }
      ]
    },
    {
      "mode": "managed",
      "type": "azurerm_network_security_group",
      "name": "sg",
      "provider": "provider[\"registry.terraform.io/hashicorp/azurerm\"]",
      "instances": [
        {
          "schema_version": 0,
          "attributes": {
            "id": "/subscriptions/6c2e8300-c97c-4c39-aed0-ac808aecfdf0/resourceGroups/Multi-container/providers/Microsoft.Network/networkSecurityGroups/Multi-container-sg",
            "location": "swedencentral",
            "name": "Multi-container-sg",
            "resource_group_name": "Multi-container",
            "security_rule": [
              {
                "access": "Allow",
                "description": "",
                "destination_address_prefix": "*",
                "destination_address_prefixes": [],
                "destination_application_security_group_ids": [],
                "destination_port_range": "*",
                "destination_port_ranges": [],
                "direction": "Inbound",
                "name": "Multi-container-rule",
                "priority": 100,
                "protocol": "*",
                "source_address_prefix": "197.230.240.146/32",
                "source_address_prefixes": [],
                "source_application_security_group_ids": [],
                "source_port_range": "*",
                "source_port_ranges": []
              }
            ],
            "tags": {
              "environment": "dev",
              "owner": "yassine",
              "source": "Terraform"
            },
            "timeouts": null
          },
          "sensitive_attributes": [],
          "identity_schema_version": 0,
          "private": "eyJlMmJmYjczMC1lY2FhLTExZTYtOGY4OC0zNDM2M2JjN2M0YzAiOnsiY3JlYXRlIjoxODAwMDAwMDAwMDAwLCJkZWxldGUiOjE4MDAwMDAwMDAwMDAsInJlYWQiOjMwMDAwMDAwMDAwMCwidXBkYXRlIjoxODAwMDAwMDAwMDAwfX0=",
          "dependencies": [
            "azurerm_resource_group.rg"
          ]
        }
      ]
    },
    {
      "mode": "managed",
      "type": "azurerm_network_security_rule",
      "name": "rule",
      "provider": "provider[\"registry.terraform.io/hashicorp/azurerm\"]",
      "instances": [
        {
          "schema_version": 0,
          "attributes": {
            "access": "Allow",
            "description": "",
            "destination_address_prefix": "*",
            "destination_address_prefixes": [],
            "destination_application_security_group_ids": [],
            "destination_port_range": "*",
            "destination_port_ranges": [],
            "direction": "Inbound",
            "id": "/subscriptions/6c2e8300-c97c-4c39-aed0-ac808aecfdf0/resourceGroups/Multi-container/providers/Microsoft.Network/networkSecurityGroups/Multi-container-sg/securityRules/Multi-container-rule",
            "name": "Multi-container-rule",
            "network_security_group_name": "Multi-container-sg",
            "priority": 100,
            "protocol": "*",
            "resource_group_name": "Multi-container",
            "source_address_prefix": "197.230.240.146/32",
            "source_address_prefixes": [],
            "source_application_security_group_ids": [],
            "source_port_range": "*",
            "source_port_ranges": [],
            "timeouts": null
          },
          "sensitive_attributes": [],
          "identity_schema_version": 0,
          "private": "eyJlMmJmYjczMC1lY2FhLTExZTYtOGY4OC0zNDM2M2JjN2M0YzAiOnsiY3JlYXRlIjoxODAwMDAwMDAwMDAwLCJkZWxldGUiOjE4MDAwMDAwMDAwMDAsInJlYWQiOjMwMDAwMDAwMDAwMCwidXBkYXRlIjoxODAwMDAwMDAwMDAwfX0=",
          "dependencies": [
            "azurerm_network_security_group.sg",
            "azurerm_resource_group.rg"
          ]
        }
      ]
    },
    {
      "mode": "managed",
      "type": "azurerm_public_ip",
      "name": "ip",
      "provider": "provider[\"registry.terraform.io/hashicorp/azurerm\"]",
      "instances": [
        {
          "schema_version": 0,
          "attributes": {
            "allocation_method": "Static",
            "availability_zone": "Zone-Redundant",
            "domain_name_label": null,
            "fqdn": null,
            "id": "/subscriptions/6c2e8300-c97c-4c39-aed0-ac808aecfdf0/resourceGroups/Multi-container/providers/Microsoft.Network/publicIPAddresses/Multi-container-ip",
            "idle_timeout_in_minutes": 4,
            "ip_address": "4.165.172.153",
            "ip_tags": {},
            "ip_version": "IPv4",
            "location": "swedencentral",
            "name": "Multi-container-ip",
            "public_ip_prefix_id": null,
            "resource_group_name": "Multi-container",
            "reverse_fqdn": null,
            "sku": "Standard",
            "sku_tier": "Regional",
            "tags": {
              "environment": "dev",
              "owner": "yassine",
              "source": "Terraform"
            },
            "timeouts": null,
            "zones": []
          },
          "sensitive_attributes": [],
          "identity_schema_version": 0,
          "private": "eyJlMmJmYjczMC1lY2FhLTExZTYtOGY4OC0zNDM2M2JjN2M0YzAiOnsiY3JlYXRlIjoxODAwMDAwMDAwMDAwLCJkZWxldGUiOjE4MDAwMDAwMDAwMDAsInJlYWQiOjMwMDAwMDAwMDAwMCwidXBkYXRlIjoxODAwMDAwMDAwMDAwfX0=",
          "dependencies": [
            "azurerm_resource_group.rg"
          ]
        }
      ]
    },
    {
      "mode": "managed",
      "type": "azurerm_resource_group",
      "name": "rg",
      "provider": "provider[\"registry.terraform.io/hashicorp/azurerm\"]",
      "instances": [
        {
          "schema_version": 0,
          "attributes": {
            "id": "/subscriptions/6c2e8300-c97c-4c39-aed0-ac808aecfdf0/resourceGroups/Multi-container",
            "location": "swedencentral",
            "name": "Multi-container",
            "tags": {
              "environment": "dev",
              "owner": "yassine",
              "source": "Terraform"
            },
            "timeouts": null
          },
          "sensitive_attributes": [],
          "identity_schema_version": 0,
          "private": "eyJlMmJmYjczMC1lY2FhLTExZTYtOGY4OC0zNDM2M2JjN2M0YzAiOnsiY3JlYXRlIjo1NDAwMDAwMDAwMDAwLCJkZWxldGUiOjU0MDAwMDAwMDAwMDAsInJlYWQiOjMwMDAwMDAwMDAwMCwidXBkYXRlIjo1NDAwMDAwMDAwMDAwfX0="
        }
      ]
    },
    {
      "mode": "managed",
      "type": "azurerm_subnet",
      "name": "subnet",
      "provider": "provider[\"registry.terraform.io/hashicorp/azurerm\"]",
      "instances": [
        {
          "schema_version": 0,
          "attributes": {
            "address_prefix": "10.123.1.0/24",
            "address_prefixes": [
              "10.123.1.0/24"
            ],
            "delegation": [],
            "enforce_private_link_endpoint_network_policies": false,
            "enforce_private_link_service_network_policies": false,
            "id": "/subscriptions/6c2e8300-c97c-4c39-aed0-ac808aecfdf0/resourceGroups/Multi-container/providers/Microsoft.Network/virtualNetworks/Multi-container-network/subnets/Multi-container-subnet",
            "name": "Multi-container-subnet",
            "resource_group_name": "Multi-container",
            "service_endpoint_policy_ids": [],
            "service_endpoints": [],
            "timeouts": null,
            "virtual_network_name": "Multi-container-network"
          },
          "sensitive_attributes": [],
          "identity_schema_version": 0,
          "private": "eyJlMmJmYjczMC1lY2FhLTExZTYtOGY4OC0zNDM2M2JjN2M0YzAiOnsiY3JlYXRlIjoxODAwMDAwMDAwMDAwLCJkZWxldGUiOjE4MDAwMDAwMDAwMDAsInJlYWQiOjMwMDAwMDAwMDAwMCwidXBkYXRlIjoxODAwMDAwMDAwMDAwfX0=",
          "dependencies": [
            "azurerm_resource_group.rg",
            "azurerm_virtual_network.vn"
          ]
        }
      ]
    },
    {
      "mode": "managed",
      "type": "azurerm_subnet_network_security_group_association",
      "name": "sga",
      "provider": "provider[\"registry.terraform.io/hashicorp/azurerm\"]",
      "instances": [
        {
          "schema_version": 0,
          "attributes": {
            "id": "/subscriptions/6c2e8300-c97c-4c39-aed0-ac808aecfdf0/resourceGroups/Multi-container/providers/Microsoft.Network/virtualNetworks/Multi-container-network/subnets/Multi-container-subnet",
            "network_security_group_id": "/subscriptions/6c2e8300-c97c-4c39-aed0-ac808aecfdf0/resourceGroups/Multi-container/providers/Microsoft.Network/networkSecurityGroups/Multi-container-sg",
            "subnet_id": "/subscriptions/6c2e8300-c97c-4c39-aed0-ac808aecfdf0/resourceGroups/Multi-container/providers/Microsoft.Network/virtualNetworks/Multi-container-network/subnets/Multi-container-subnet",
            "timeouts": null
          },
          "sensitive_attributes": [],
          "identity_schema_version": 0,
          "private": "eyJlMmJmYjczMC1lY2FhLTExZTYtOGY4OC0zNDM2M2JjN2M0YzAiOnsiY3JlYXRlIjoxODAwMDAwMDAwMDAwLCJkZWxldGUiOjE4MDAwMDAwMDAwMDAsInJlYWQiOjMwMDAwMDAwMDAwMCwidXBkYXRlIjoxODAwMDAwMDAwMDAwfX0=",
          "dependencies": [
            "azurerm_network_security_group.sg",
            "azurerm_resource_group.rg",
            "azurerm_subnet.subnet",
            "azurerm_virtual_network.vn"
          ]
        }
      ]
    },
    {
      "mode": "managed",
      "type": "azurerm_virtual_network",
      "name": "vn",
      "provider": "provider[\"registry.terraform.io/hashicorp/azurerm\"]",
      "instances": [
        {
          "schema_version": 0,
          "attributes": {
            "address_space": [
              "10.123.0.0/16"
            ],
            "bgp_community": "",
            "ddos_protection_plan": [],
            "dns_servers": [],
            "flow_timeout_in_minutes": 0,
            "guid": "ef8495b7-9369-4a24-9f79-e9141ed16486",
            "id": "/subscriptions/6c2e8300-c97c-4c39-aed0-ac808aecfdf0/resourceGroups/Multi-container/providers/Microsoft.Network/virtualNetworks/Multi-container-network",
            "location": "swedencentral",
            "name": "Multi-container-network",
            "resource_group_name": "Multi-container",
            "subnet": [
              {
                "address_prefix": "10.123.1.0/24",
                "id": "/subscriptions/6c2e8300-c97c-4c39-aed0-ac808aecfdf0/resourceGroups/Multi-container/providers/Microsoft.Network/virtualNetworks/Multi-container-network/subnets/Multi-container-subnet",
                "name": "Multi-container-subnet",
                "security_group": "/subscriptions/6c2e8300-c97c-4c39-aed0-ac808aecfdf0/resourceGroups/Multi-container/providers/Microsoft.Network/networkSecurityGroups/Multi-container-sg"
              }
            ],
            "tags": {
              "environment": "dev",
              "owner": "yassine",
              "source": "Terraform"
            },
            "timeouts": null,
            "vm_protection_enabled": false
          },
          "sensitive_attributes": [],
          "identity_schema_version": 0,
          "private": "eyJlMmJmYjczMC1lY2FhLTExZTYtOGY4OC0zNDM2M2JjN2M0YzAiOnsiY3JlYXRlIjoxODAwMDAwMDAwMDAwLCJkZWxldGUiOjE4MDAwMDAwMDAwMDAsInJlYWQiOjMwMDAwMDAwMDAwMCwidXBkYXRlIjoxODAwMDAwMDAwMDAwfX0=",
          "dependencies": [
            "azurerm_resource_group.rg"
          ]
        }
      ]
    }
  ],
  "check_results": null
}
